<?xml version="1.0" encoding="utf-8"?>
<Project ToolsVersion="4.0" xmlns="http://schemas.microsoft.com/developer/msbuild/2003">
  <ItemGroup>
    <Filter Include="Game Files">
      <UniqueIdentifier>{4FC737F1-C7A5-4376-A066-2A32D752A2FF}</UniqueIdentifier>
      <Extensions>cpp;c;cc;cxx;c++;cppm;ixx;def;odl;idl;hpj;bat;asm;asmx:h;hh;hpp;hxx;h++;hm;inl;inc;ipp;xsd</Extensions>
    </Filter>
    <Filter Include="Engine Files">
      <UniqueIdentifier>{93995380-89BD-4b04-88EB-625FBE52EBFB}</UniqueIdentifier>
      <Extensions>cpp;c;cc;cxx;c++;cppm;ixx;def;odl;idl;hpj;bat;asm;asmx;h;hh;hpp;hxx;h++;hm;inl;inc;ipp;xsd</Extensions>
    </Filter>
    <Filter Include="Resource Files">
      <UniqueIdentifier>{67DA6AB6-F800-4c08-8B7A-83BB121AAD01}</UniqueIdentifier>
      <Extensions>rc;ico;cur;bmp;dlg;rc2;rct;bin;rgs;gif;jpg;jpeg;jpe;resx;tiff;tif;png;wav;mfcribbon-ms</Extensions>
    </Filter>
    <Filter Include="Sub-classes">
      <UniqueIdentifier>{67DA6AB6-F800-4c08-8B7A-83BB121AAD01}</UniqueIdentifier>
      <Extensions>cpp;c;cc;cxx;c++;cppm;ixx;def;odl;idl;hpj;bat;asm;asmx;h;hh;hpp;hxx;h++;hm;inl;inc;ipp;xsd</Extensions>
    </Filter>
    <Filter Include="Game Files\Components">
      <UniqueIdentifier>{29fcf685-ef29-4d69-840b-60d6a8e5aa5f}</UniqueIdentifier>
    </Filter>
    <Filter Include="Game Files\Components\GameObject">
      <UniqueIdentifier>{201da74b-6b93-4aed-83eb-2b29d18644bd}</UniqueIdentifier>
    </Filter>
    <Filter Include="Game Files\Game Objects">
      <UniqueIdentifier>{0d8ce2d3-1a3a-4452-b57e-0890d7c47c37}</UniqueIdentifier>
    </Filter>
    <Filter Include="Game Files\Game Objects\Entities">
      <UniqueIdentifier>{cb606862-22ba-4197-ad24-95fd5cf44fa7}</UniqueIdentifier>
    </Filter>
    <Filter Include="Game Files\Game Objects\Entities\Beeto">
      <UniqueIdentifier>{fd1c9641-567e-4565-81a9-04f62727571d}</UniqueIdentifier>
    </Filter>
    <Filter Include="Game Files\Game Objects\Entities\ShovelKnight">
      <UniqueIdentifier>{44b3479b-e494-4808-b79c-f7faed7ff799}</UniqueIdentifier>
    </Filter>
    <Filter Include="Game Files\Game Objects\Environment">
      <UniqueIdentifier>{5a9c844a-cd32-47cd-9d88-c2ee0615ffa8}</UniqueIdentifier>
    </Filter>
    <Filter Include="Game Files\Game Objects\Environment\Bubble">
      <UniqueIdentifier>{f8d954ab-003b-4913-83ea-580e4e4b955a}</UniqueIdentifier>
    </Filter>
    <Filter Include="Game Files\Game Objects\Environment\DigPile">
      <UniqueIdentifier>{f472e882-d2f8-4170-9bf2-7730396e0824}</UniqueIdentifier>
    </Filter>
    <Filter Include="Game Files\Game Objects\Environment\DirtBlock">
      <UniqueIdentifier>{abdd81c1-3eb6-48ed-b6c4-c83009e88a13}</UniqueIdentifier>
    </Filter>
    <Filter Include="Game Files\Game Objects\Environment\DirtBlockSmall">
      <UniqueIdentifier>{d1511dbb-d243-4581-af3b-4f992121881f}</UniqueIdentifier>
    </Filter>
    <Filter Include="Game Files\Game Objects\Environment\Ladder">
      <UniqueIdentifier>{9516bb99-fd02-4acb-b10c-4f847bf08e32}</UniqueIdentifier>
    </Filter>
    <Filter Include="Game Files\Components\Rigidbody">
      <UniqueIdentifier>{ccda653e-c3ae-4f83-8db2-b17861fa87ea}</UniqueIdentifier>
    </Filter>
    <Filter Include="Game Files\Game Objects\Environment\SVGMap">
      <UniqueIdentifier>{eea62c21-4f97-4b5c-99ef-a35a658e34d6}</UniqueIdentifier>
    </Filter>
    <Filter Include="Game Files\Game Objects\Environment\Background">
      <UniqueIdentifier>{b054099a-aae8-4007-83ab-f756910573ff}</UniqueIdentifier>
    </Filter>
    <Filter Include="Game Files\Components\Collision">
      <UniqueIdentifier>{1ad45e33-0f2e-4dd2-8f4b-8705c20deef6}</UniqueIdentifier>
    </Filter>
    <Filter Include="Game Files\Components\Collision\KinematicCollider">
      <UniqueIdentifier>{efd9123f-1201-49b4-9cd6-e65a5da6289f}</UniqueIdentifier>
    </Filter>
    <Filter Include="Game Files\Components\Collision\DynamicCollider">
      <UniqueIdentifier>{a6fe9bad-b257-47e3-9019-92438f3a0ee8}</UniqueIdentifier>
    </Filter>
    <Filter Include="Game Files\Components\Hits">
      <UniqueIdentifier>{98b285d8-71f5-461f-9b62-cf991afd4d37}</UniqueIdentifier>
    </Filter>
    <Filter Include="Game Files\Components\Hits\HurtBox">
      <UniqueIdentifier>{35fc4741-c90e-4633-bb32-1fc41cc861a8}</UniqueIdentifier>
    </Filter>
    <Filter Include="Game Files\Components\Hits\HitBox">
      <UniqueIdentifier>{880fb337-2751-4b0c-b723-f958d6936eef}</UniqueIdentifier>
    </Filter>
    <Filter Include="Game Files\Components\Interaction">
      <UniqueIdentifier>{5e388f69-7f7d-4807-afd5-e0cb8d59d42c}</UniqueIdentifier>
    </Filter>
    <Filter Include="Game Files\Components\Interaction\Interactor">
      <UniqueIdentifier>{c46c95df-4b2c-4ead-9af7-08f94d4a614a}</UniqueIdentifier>
    </Filter>
    <Filter Include="Game Files\Components\Interaction\Interactable">
      <UniqueIdentifier>{ede015f8-b8b3-4e40-8ad9-bd9096f6f30a}</UniqueIdentifier>
    </Filter>
    <Filter Include="Game Files\Components\Sprite">
      <UniqueIdentifier>{57871b72-f55f-4c12-8783-b3016180e981}</UniqueIdentifier>
    </Filter>
    <Filter Include="Game Files\Components\Sprite\SimpleSprite">
      <UniqueIdentifier>{d44ee0cd-175d-46c6-8821-ca37074fb7b4}</UniqueIdentifier>
    </Filter>
    <Filter Include="Game Files\Components\Sprite\SpriteAnimator">
      <UniqueIdentifier>{d4a3be58-12ce-4b6e-8538-08c2290eeced}</UniqueIdentifier>
    </Filter>
    <Filter Include="Game Files\Game Objects\Environment\Pickupable">
      <UniqueIdentifier>{b949153f-b0a4-426d-99c9-872299948561}</UniqueIdentifier>
    </Filter>
    <Filter Include="Game Files\Components\Pickupper">
      <UniqueIdentifier>{8aaf3068-989a-455a-8e66-e3635eae73c2}</UniqueIdentifier>
    </Filter>
    <Filter Include="Game Files\Game Objects\Environment\MovingPlatform">
      <UniqueIdentifier>{d3a47352-eed4-4564-a806-b6efb48cc404}</UniqueIdentifier>
    </Filter>
    <Filter Include="Game Files\Game Objects\Environment\CheckPoint">
      <UniqueIdentifier>{93a0cd74-b81f-41a9-80c9-0a2a88ca7ea0}</UniqueIdentifier>
    </Filter>
    <Filter Include="Game Files\Game Objects\Environment\Spike">
      <UniqueIdentifier>{c3762563-1d65-43fe-b3ce-e244f2ab4437}</UniqueIdentifier>
    </Filter>
    <Filter Include="Game Files\Game Objects\Entities\Dozedrake">
      <UniqueIdentifier>{0a26fccc-d10f-4e80-909e-3c4715f28d60}</UniqueIdentifier>
    </Filter>
    <Filter Include="Game Files\Game Objects\Entities\Boneclang">
      <UniqueIdentifier>{1b1273d6-59f3-4e39-a444-f97de9750199}</UniqueIdentifier>
    </Filter>
    <Filter Include="Game Files\Game Objects\Environment\Skull">
      <UniqueIdentifier>{87acce5d-4811-4975-a0fb-cb1565b74e0e}</UniqueIdentifier>
    </Filter>
    <Filter Include="Game Files\Game Objects\Effects">
      <UniqueIdentifier>{20e7db3e-5758-412d-9fc6-3750d93cf594}</UniqueIdentifier>
    </Filter>
    <Filter Include="Game Files\Game Objects\Effects\FX">
      <UniqueIdentifier>{1a8aa15f-0488-4157-986e-7a0a4dc0b7f1}</UniqueIdentifier>
    </Filter>
    <Filter Include="Game Files\Game Objects\Effects\Particle">
      <UniqueIdentifier>{1667a2dc-cfdb-45f6-9b91-e6a0dac3a545}</UniqueIdentifier>
    </Filter>
    <Filter Include="Game Files\StaticClasses">
      <UniqueIdentifier>{68c78039-32d0-4c26-880e-95affdfcf1ff}</UniqueIdentifier>
    </Filter>
    <Filter Include="Game Files\StaticClasses\Camera">
      <UniqueIdentifier>{cd8196aa-1bdc-4c1c-90e9-0a9563385c5b}</UniqueIdentifier>
    </Filter>
    <Filter Include="Game Files\StaticClasses\Managers">
      <UniqueIdentifier>{de6d7b1b-6990-44cd-bb0d-d74168b135f3}</UniqueIdentifier>
    </Filter>
    <Filter Include="Game Files\StaticClasses\Managers\GameObjectManager">
      <UniqueIdentifier>{f62684ec-88ec-40f6-87e8-5598e6ea129d}</UniqueIdentifier>
    </Filter>
    <Filter Include="Game Files\StaticClasses\Managers\InputManager">
      <UniqueIdentifier>{c1647f75-baae-487e-8966-607e01409588}</UniqueIdentifier>
    </Filter>
    <Filter Include="Game Files\Game">
      <UniqueIdentifier>{1d39be33-40d9-4423-b8d7-650e5940ff76}</UniqueIdentifier>
    </Filter>
    <Filter Include="Game Files\Game Objects\Environment\Destructive">
      <UniqueIdentifier>{9bb718b6-0466-41d9-8601-dd9b7ed69fb0}</UniqueIdentifier>
    </Filter>
    <Filter Include="Game Files\Game Objects\Environment\DigClod">
      <UniqueIdentifier>{c276835d-7805-45ad-88bc-c181b055b343}</UniqueIdentifier>
    </Filter>
    <Filter Include="Game Files\Game Objects\Entities\Divedrake">
      <UniqueIdentifier>{e16be6fd-2894-477b-b09f-d8f3715ed223}</UniqueIdentifier>
    </Filter>
    <Filter Include="Game Files\StaticClasses\Managers\LevelManager">
      <UniqueIdentifier>{08349b28-3be0-4c4b-899c-eeda8628b51b}</UniqueIdentifier>
    </Filter>
    <Filter Include="Game Files\Game Objects\Entities\Blorb">
      <UniqueIdentifier>{c3c36a1c-b126-4989-bd65-de8b9af8ba87}</UniqueIdentifier>
    </Filter>
    <Filter Include="Game Files\Game Objects\Environment\SVGDeathZone">
      <UniqueIdentifier>{9466c0b2-605f-4043-80c7-64f0607bc47c}</UniqueIdentifier>
    </Filter>
    <Filter Include="Game Files\Game Objects\Environment\Platter">
      <UniqueIdentifier>{a62dba26-ad52-490b-99ff-3f243a8a5af8}</UniqueIdentifier>
    </Filter>
    <Filter Include="Game Files\StaticClasses\Managers\SoundManager">
      <UniqueIdentifier>{e8b73c0d-873b-4755-b53c-7cbb422347cd}</UniqueIdentifier>
    </Filter>
    <Filter Include="Game Files\HUD">
      <UniqueIdentifier>{fe75a929-679a-4843-b912-4fe757a6cde9}</UniqueIdentifier>
    </Filter>
  </ItemGroup>
  <ItemGroup>
    <ClCompile Include="main.cpp">
      <Filter>Engine Files</Filter>
    </ClCompile>
    <ClCompile Include="pch.cpp">
      <Filter>Engine Files</Filter>
    </ClCompile>
    <ClCompile Include="DynamicCollider.cpp">
      <Filter>Game Files\Components\Collision\DynamicCollider</Filter>
    </ClCompile>
    <ClCompile Include="KinematicCollider.cpp">
      <Filter>Game Files\Components\Collision\KinematicCollider</Filter>
    </ClCompile>
    <ClCompile Include="HitBox.cpp">
      <Filter>Game Files\Components\Hits\HitBox</Filter>
    </ClCompile>
    <ClCompile Include="HurtBox.cpp">
      <Filter>Game Files\Components\Hits\HurtBox</Filter>
    </ClCompile>
    <ClCompile Include="Pickupable.cpp">
      <Filter>Game Files\Game Objects\Environment\Pickupable</Filter>
    </ClCompile>
    <ClCompile Include="Pickupper.cpp">
      <Filter>Game Files\Components\Pickupper</Filter>
    </ClCompile>
    <ClCompile Include="Interactable.cpp">
      <Filter>Game Files\Components\Interaction\Interactable</Filter>
    </ClCompile>
    <ClCompile Include="Interactor.cpp">
      <Filter>Game Files\Components\Interaction\Interactor</Filter>
    </ClCompile>
    <ClCompile Include="GameObject.cpp">
      <Filter>Game Files\Components\GameObject</Filter>
    </ClCompile>
    <ClCompile Include="Beeto.cpp">
      <Filter>Game Files\Game Objects\Entities\Beeto</Filter>
    </ClCompile>
    <ClCompile Include="ShovelKnight.cpp">
      <Filter>Game Files\Game Objects\Entities\ShovelKnight</Filter>
    </ClCompile>
    <ClCompile Include="Boneclang.cpp">
      <Filter>Game Files\Game Objects\Entities\Boneclang</Filter>
    </ClCompile>
    <ClCompile Include="Bubble.cpp">
      <Filter>Game Files\Game Objects\Environment\Bubble</Filter>
    </ClCompile>
    <ClCompile Include="DigPile.cpp">
      <Filter>Game Files\Game Objects\Environment\DigPile</Filter>
    </ClCompile>
    <ClCompile Include="DirtBlock.cpp">
      <Filter>Game Files\Game Objects\Environment\DirtBlock</Filter>
    </ClCompile>
    <ClCompile Include="DirtBlockSmall.cpp">
      <Filter>Game Files\Game Objects\Environment\DirtBlockSmall</Filter>
    </ClCompile>
    <ClCompile Include="Ladder.cpp">
      <Filter>Game Files\Game Objects\Environment\Ladder</Filter>
    </ClCompile>
    <ClCompile Include="SimpleSprite.cpp">
      <Filter>Game Files\Components\Sprite\SimpleSprite</Filter>
    </ClCompile>
    <ClCompile Include="SpriteAnimator.cpp">
      <Filter>Game Files\Components\Sprite\SpriteAnimator</Filter>
    </ClCompile>
    <ClCompile Include="Rigidbody.cpp">
      <Filter>Game Files\Components\Rigidbody</Filter>
    </ClCompile>
    <ClCompile Include="GameObjectManager.cpp">
      <Filter>Game Files\StaticClasses\Managers\GameObjectManager</Filter>
    </ClCompile>
    <ClCompile Include="InputManager.cpp">
      <Filter>Game Files\StaticClasses\Managers\InputManager</Filter>
    </ClCompile>
    <ClCompile Include="SVGMap.cpp">
      <Filter>Game Files\Game Objects\Environment\SVGMap</Filter>
    </ClCompile>
    <ClCompile Include="SVGPolygon.cpp">
      <Filter>Game Files\Game Objects\Environment\SVGMap</Filter>
    </ClCompile>
    <ClCompile Include="FX.cpp">
      <Filter>Game Files\Game Objects\Effects\FX</Filter>
    </ClCompile>
    <ClCompile Include="Background.cpp">
      <Filter>Game Files\Game Objects\Environment\Background</Filter>
    </ClCompile>
    <ClCompile Include="Camera.cpp">
      <Filter>Game Files\StaticClasses\Camera</Filter>
    </ClCompile>
    <ClCompile Include="HUD.cpp">
      <Filter>Game Files\HUD</Filter>
    </ClCompile>
    <ClCompile Include="Game.cpp">
      <Filter>Game Files\Game</Filter>
    </ClCompile>
    <ClCompile Include="MovingPlatform.cpp">
      <Filter>Game Files\Game Objects\Environment\MovingPlatform</Filter>
    </ClCompile>
    <ClCompile Include="CheckPoint.cpp">
      <Filter>Game Files\Game Objects\Environment\CheckPoint</Filter>
    </ClCompile>
    <ClCompile Include="Spike.cpp">
      <Filter>Game Files\Game Objects\Environment\Spike</Filter>
    </ClCompile>
    <ClCompile Include="Dozedrake.cpp">
      <Filter>Game Files\Game Objects\Entities\Dozedrake</Filter>
    </ClCompile>
    <ClCompile Include="Skull.cpp">
      <Filter>Game Files\Game Objects\Environment\Skull</Filter>
    </ClCompile>
    <ClCompile Include="Particle.cpp">
      <Filter>Game Files\Game Objects\Effects\Particle</Filter>
    </ClCompile>
    <ClCompile Include="Destructive.cpp">
      <Filter>Game Files\Game Objects\Environment\Destructive</Filter>
    </ClCompile>
    <ClCompile Include="DestructiveBlock.cpp">
      <Filter>Game Files\Game Objects\Environment\Destructive</Filter>
    </ClCompile>
    <ClCompile Include="DigClod.cpp">
      <Filter>Game Files\Game Objects\Environment\DigClod</Filter>
    </ClCompile>
    <ClCompile Include="Clod.cpp">
      <Filter>Game Files\Game Objects\Environment\DigClod</Filter>
    </ClCompile>
    <ClCompile Include="Divedrake.cpp">
      <Filter>Game Files\Game Objects\Entities\Divedrake</Filter>
    </ClCompile>
    <ClCompile Include="LevelManager.cpp">
      <Filter>Game Files\StaticClasses\Managers\LevelManager</Filter>
    </ClCompile>
    <ClCompile Include="Blorb.cpp">
      <Filter>Game Files\Game Objects\Entities\Blorb</Filter>
    </ClCompile>
    <ClCompile Include="SVGDeathZone.cpp">
      <Filter>Game Files\Game Objects\Environment\SVGDeathZone</Filter>
    </ClCompile>
    <ClCompile Include="Platter.cpp">
      <Filter>Game Files\Game Objects\Environment\Platter</Filter>
    </ClCompile>
    <ClCompile Include="SoundManager.cpp">
      <Filter>Game Files\StaticClasses\Managers\SoundManager</Filter>
    </ClCompile>
  </ItemGroup>
  <ItemGroup>
    <ClInclude Include="pch.h">
      <Filter>Engine Files</Filter>
    </ClInclude>
    <ClInclude Include="DynamicCollider.h">
      <Filter>Game Files\Components\Collision\DynamicCollider</Filter>
    </ClInclude>
    <ClInclude Include="KinematicCollider.h">
      <Filter>Game Files\Components\Collision\KinematicCollider</Filter>
    </ClInclude>
    <ClInclude Include="HitBox.h">
      <Filter>Game Files\Components\Hits\HitBox</Filter>
    </ClInclude>
    <ClInclude Include="HurtBox.h">
      <Filter>Game Files\Components\Hits\HurtBox</Filter>
    </ClInclude>
    <ClInclude Include="Pickupable.h">
      <Filter>Game Files\Game Objects\Environment\Pickupable</Filter>
    </ClInclude>
    <ClInclude Include="Pickupper.h">
      <Filter>Game Files\Components\Pickupper</Filter>
    </ClInclude>
    <ClInclude Include="Interactable.h">
      <Filter>Game Files\Components\Interaction\Interactable</Filter>
    </ClInclude>
    <ClInclude Include="Interactor.h">
      <Filter>Game Files\Components\Interaction\Interactor</Filter>
    </ClInclude>
    <ClInclude Include="GameObject.h">
      <Filter>Game Files\Components\GameObject</Filter>
    </ClInclude>
    <ClInclude Include="Beeto.h">
      <Filter>Game Files\Game Objects\Entities\Beeto</Filter>
    </ClInclude>
    <ClInclude Include="ShovelKnight.h">
      <Filter>Game Files\Game Objects\Entities\ShovelKnight</Filter>
    </ClInclude>
    <ClInclude Include="Boneclang.h">
      <Filter>Game Files\Game Objects\Entities\Boneclang</Filter>
    </ClInclude>
    <ClInclude Include="DigPile.h">
      <Filter>Game Files\Game Objects\Environment\DigPile</Filter>
    </ClInclude>
    <ClInclude Include="DirtBlock.h">
      <Filter>Game Files\Game Objects\Environment\DirtBlock</Filter>
    </ClInclude>
    <ClInclude Include="DirtBlockSmall.h">
      <Filter>Game Files\Game Objects\Environment\DirtBlockSmall</Filter>
    </ClInclude>
    <ClInclude Include="Ladder.h">
      <Filter>Game Files\Game Objects\Environment\Ladder</Filter>
    </ClInclude>
    <ClInclude Include="SimpleSprite.h">
      <Filter>Game Files\Components\Sprite\SimpleSprite</Filter>
    </ClInclude>
    <ClInclude Include="SpriteAnimator.h">
      <Filter>Game Files\Components\Sprite\SpriteAnimator</Filter>
    </ClInclude>
    <ClInclude Include="Rigidbody.h">
      <Filter>Game Files\Components\Rigidbody</Filter>
    </ClInclude>
    <ClInclude Include="GameObjectManager.h">
      <Filter>Game Files\StaticClasses\Managers\GameObjectManager</Filter>
    </ClInclude>
    <ClInclude Include="InputManager.h">
      <Filter>Game Files\StaticClasses\Managers\InputManager</Filter>
    </ClInclude>
    <ClInclude Include="SVGMap.h">
      <Filter>Game Files\Game Objects\Environment\SVGMap</Filter>
    </ClInclude>
    <ClInclude Include="SVGPolygon.h">
      <Filter>Game Files\Game Objects\Environment\SVGMap</Filter>
    </ClInclude>
    <ClInclude Include="FX.h">
      <Filter>Game Files\Game Objects\Effects\FX</Filter>
    </ClInclude>
    <ClInclude Include="Background.h">
      <Filter>Game Files\Game Objects\Environment\Background</Filter>
    </ClInclude>
    <ClInclude Include="Camera.h">
      <Filter>Game Files\StaticClasses\Camera</Filter>
    </ClInclude>
    <ClInclude Include="HUD.h">
      <Filter>Game Files\HUD</Filter>
    </ClInclude>
    <ClInclude Include="Game.h">
      <Filter>Game Files\Game</Filter>
    </ClInclude>
    <ClInclude Include="MovingPlatform.h">
      <Filter>Game Files\Game Objects\Environment\MovingPlatform</Filter>
    </ClInclude>
    <ClInclude Include="CheckPoint.h">
      <Filter>Game Files\Game Objects\Environment\CheckPoint</Filter>
    </ClInclude>
    <ClInclude Include="Spike.h">
      <Filter>Game Files\Game Objects\Environment\Spike</Filter>
    </ClInclude>
    <ClInclude Include="Bubble.h">
      <Filter>Game Files\Game Objects\Environment\Bubble</Filter>
    </ClInclude>
    <ClInclude Include="Dozedrake.h">
      <Filter>Game Files\Game Objects\Entities\Dozedrake</Filter>
    </ClInclude>
    <ClInclude Include="Skull.h">
      <Filter>Game Files\Game Objects\Environment\Skull</Filter>
    </ClInclude>
    <ClInclude Include="Particle.h">
      <Filter>Game Files\Game Objects\Effects\Particle</Filter>
    </ClInclude>
    <ClInclude Include="Destructive.h">
      <Filter>Game Files\Game Objects\Environment\Destructive</Filter>
    </ClInclude>
    <ClInclude Include="DestructiveBlock.h">
      <Filter>Game Files\Game Objects\Environment\Destructive</Filter>
    </ClInclude>
    <ClInclude Include="DigClod.h">
      <Filter>Game Files\Game Objects\Environment\DigClod</Filter>
    </ClInclude>
    <ClInclude Include="Clod.h">
      <Filter>Game Files\Game Objects\Environment\DigClod</Filter>
    </ClInclude>
    <ClInclude Include="Divedrake.h">
      <Filter>Game Files\Game Objects\Entities\Divedrake</Filter>
    </ClInclude>
    <ClInclude Include="LevelManager.h">
      <Filter>Game Files\StaticClasses\Managers\LevelManager</Filter>
    </ClInclude>
    <ClInclude Include="Blorb.h">
      <Filter>Game Files\Game Objects\Entities\Blorb</Filter>
    </ClInclude>
    <ClInclude Include="SVGDeathZone.h">
      <Filter>Game Files\Game Objects\Environment\SVGDeathZone</Filter>
    </ClInclude>
    <ClInclude Include="Platter.h">
      <Filter>Game Files\Game Objects\Environment\Platter</Filter>
    </ClInclude>
    <ClInclude Include="SoundManager.h">
      <Filter>Game Files\StaticClasses\Managers\SoundManager</Filter>
    </ClInclude>
  </ItemGroup>
  <ItemGroup>
    <None Include="ClassDiagram.cd" />
  </ItemGroup>
</Project>